
Microsoft Visual Studio Solution File, Format Version 12.00
# Visual Studio Version 17
VisualStudioVersion = 17.9.34728.123
MinimumVisualStudioVersion = 10.0.40219.1
Project("{FAE04EC0-301F-11D3-BF4B-00C04F79EFBC}") = "Transitions_setup", "Transitions_setup\Transitions_setup.csproj", "{2227B75F-2255-46B4-A757-24555DFFF389}"
EndProject
Global
	GlobalSection(SolutionConfigurationPlatforms) = preSolution
		Debug|Any CPU = Debug|Any CPU
		Release|Any CPU = Release|Any CPU
	EndGlobalSection
	GlobalSection(ProjectConfigurationPlatforms) = postSolution
		{2227B75F-2255-46B4-A757-24555DFFF389}.Debug|Any CPU.ActiveCfg = Debug|Any CPU
		{2227B75F-2255-46B4-A757-24555DFFF389}.Debug|Any CPU.Build.0 = Debug|Any CPU
		{2227B75F-2255-46B4-A757-24555DFFF389}.Release|Any CPU.ActiveCfg = Release|Any CPU
		{2227B75F-2255-46B4-A757-24555DFFF389}.Release|Any CPU.Build.0 = Release|Any CPU
	EndGlobalSection
	GlobalSection(SolutionProperties) = preSolution
		HideSolutionNode = FALSE
	EndGlobalSection
	GlobalSection(ExtensibilityGlobals) = postSolution
		SolutionGuid = {CBBAE178-D38C-48B7-B03D-2BF6C5628986}
	EndGlobalSection
EndGlobal
